
Microsoft Visual Studio Solution File, Format Version 12.00
# Visual Studio Version 17
VisualStudioVersion = 17.8.34316.72
MinimumVisualStudioVersion = 10.0.40219.1
Project("{9A19103F-16F7-4668-BE54-9A1E7A4F7556}") = "Day1", "Day1\Day1.csproj", "{A382B2C6-6FD8-4D61-808F-79A07A06CFC7}"
EndProject
Project("{9A19103F-16F7-4668-BE54-9A1E7A4F7556}") = "Day1Tests", "Day1Tests\Day1Tests.csproj", "{6006A0D2-E986-466F-A9FA-448296EC85D1}"
EndProject
Project("{9A19103F-16F7-4668-BE54-9A1E7A4F7556}") = "Day2", "Day2\Day2.csproj", "{61DD5A6B-8A05-471C-9181-FD70EF78CAAD}"
EndProject
Project("{9A19103F-16F7-4668-BE54-9A1E7A4F7556}") = "Day2Tests", "Day2Tests\Day2Tests.csproj", "{4B1FEF98-BF69-4FE2-BD4D-D527F0310CAF}"
EndProject
Project("{9A19103F-16F7-4668-BE54-9A1E7A4F7556}") = "Day3", "Day3\Day3.csproj", "{E260C62D-8AA0-4CED-BC59-D6F2AD327712}"
EndProject
Project("{9A19103F-16F7-4668-BE54-9A1E7A4F7556}") = "Day3Tests", "Day3Tests\Day3Tests.csproj", "{DB9208EF-92BB-42BF-BB6E-FCE4702E4095}"
EndProject
Project("{9A19103F-16F7-4668-BE54-9A1E7A4F7556}") = "Day4", "Day4\Day4.csproj", "{7E3351A7-5286-4AEF-91DA-F2D7D0B82A89}"
EndProject
Project("{9A19103F-16F7-4668-BE54-9A1E7A4F7556}") = "Day4Tests", "Day4Tests\Day4Tests.csproj", "{EBBD7670-37A6-4D1E-82C4-FF6B9BBF63C0}"
EndProject
Project("{9A19103F-16F7-4668-BE54-9A1E7A4F7556}") = "Day5", "Day5\Day5.csproj", "{A955B38C-7CAF-4D61-9CBE-160BB16F1F75}"
EndProject
Project("{9A19103F-16F7-4668-BE54-9A1E7A4F7556}") = "Day5Tests", "Day5Tests\Day5Tests.csproj", "{83D52FF8-6699-411D-8A22-2739573945C7}"
EndProject
Project("{9A19103F-16F7-4668-BE54-9A1E7A4F7556}") = "Day6", "Day6\Day6.csproj", "{16D76757-2865-4983-B70F-4E103F689BF0}"
EndProject
Project("{9A19103F-16F7-4668-BE54-9A1E7A4F7556}") = "Day6Tests", "Day6Tests\Day6Tests.csproj", "{A0EA7281-79E4-41E1-9D9B-EA4451EE1F31}"
EndProject
Project("{FAE04EC0-301F-11D3-BF4B-00C04F79EFBC}") = "Day7", "Day7\Day7.csproj", "{86F9F695-2BEC-4DC9-BF16-67C90CD84234}"
EndProject
Project("{FAE04EC0-301F-11D3-BF4B-00C04F79EFBC}") = "Day7Tests", "Day7Tests\Day7Tests.csproj", "{9E5537C8-08F3-4D5B-837A-C5DB796CE90B}"
EndProject
Global
	GlobalSection(SolutionConfigurationPlatforms) = preSolution
		Debug|Any CPU = Debug|Any CPU
		Release|Any CPU = Release|Any CPU
	EndGlobalSection
	GlobalSection(ProjectConfigurationPlatforms) = postSolution
		{A382B2C6-6FD8-4D61-808F-79A07A06CFC7}.Debug|Any CPU.ActiveCfg = Debug|Any CPU
		{A382B2C6-6FD8-4D61-808F-79A07A06CFC7}.Debug|Any CPU.Build.0 = Debug|Any CPU
		{A382B2C6-6FD8-4D61-808F-79A07A06CFC7}.Release|Any CPU.ActiveCfg = Release|Any CPU
		{A382B2C6-6FD8-4D61-808F-79A07A06CFC7}.Release|Any CPU.Build.0 = Release|Any CPU
		{6006A0D2-E986-466F-A9FA-448296EC85D1}.Debug|Any CPU.ActiveCfg = Debug|Any CPU
		{6006A0D2-E986-466F-A9FA-448296EC85D1}.Debug|Any CPU.Build.0 = Debug|Any CPU
		{6006A0D2-E986-466F-A9FA-448296EC85D1}.Release|Any CPU.ActiveCfg = Release|Any CPU
		{6006A0D2-E986-466F-A9FA-448296EC85D1}.Release|Any CPU.Build.0 = Release|Any CPU
		{61DD5A6B-8A05-471C-9181-FD70EF78CAAD}.Debug|Any CPU.ActiveCfg = Debug|Any CPU
		{61DD5A6B-8A05-471C-9181-FD70EF78CAAD}.Debug|Any CPU.Build.0 = Debug|Any CPU
		{61DD5A6B-8A05-471C-9181-FD70EF78CAAD}.Release|Any CPU.ActiveCfg = Release|Any CPU
		{61DD5A6B-8A05-471C-9181-FD70EF78CAAD}.Release|Any CPU.Build.0 = Release|Any CPU
		{4B1FEF98-BF69-4FE2-BD4D-D527F0310CAF}.Debug|Any CPU.ActiveCfg = Debug|Any CPU
		{4B1FEF98-BF69-4FE2-BD4D-D527F0310CAF}.Debug|Any CPU.Build.0 = Debug|Any CPU
		{4B1FEF98-BF69-4FE2-BD4D-D527F0310CAF}.Release|Any CPU.ActiveCfg = Release|Any CPU
		{4B1FEF98-BF69-4FE2-BD4D-D527F0310CAF}.Release|Any CPU.Build.0 = Release|Any CPU
		{E260C62D-8AA0-4CED-BC59-D6F2AD327712}.Debug|Any CPU.ActiveCfg = Debug|Any CPU
		{E260C62D-8AA0-4CED-BC59-D6F2AD327712}.Debug|Any CPU.Build.0 = Debug|Any CPU
		{E260C62D-8AA0-4CED-BC59-D6F2AD327712}.Release|Any CPU.ActiveCfg = Release|Any CPU
		{E260C62D-8AA0-4CED-BC59-D6F2AD327712}.Release|Any CPU.Build.0 = Release|Any CPU
		{DB9208EF-92BB-42BF-BB6E-FCE4702E4095}.Debug|Any CPU.ActiveCfg = Debug|Any CPU
		{DB9208EF-92BB-42BF-BB6E-FCE4702E4095}.Debug|Any CPU.Build.0 = Debug|Any CPU
		{DB9208EF-92BB-42BF-BB6E-FCE4702E4095}.Release|Any CPU.ActiveCfg = Release|Any CPU
		{DB9208EF-92BB-42BF-BB6E-FCE4702E4095}.Release|Any CPU.Build.0 = Release|Any CPU
		{7E3351A7-5286-4AEF-91DA-F2D7D0B82A89}.Debug|Any CPU.ActiveCfg = Debug|Any CPU
		{7E3351A7-5286-4AEF-91DA-F2D7D0B82A89}.Debug|Any CPU.Build.0 = Debug|Any CPU
		{7E3351A7-5286-4AEF-91DA-F2D7D0B82A89}.Release|Any CPU.ActiveCfg = Release|Any CPU
		{7E3351A7-5286-4AEF-91DA-F2D7D0B82A89}.Release|Any CPU.Build.0 = Release|Any CPU
		{EBBD7670-37A6-4D1E-82C4-FF6B9BBF63C0}.Debug|Any CPU.ActiveCfg = Debug|Any CPU
		{EBBD7670-37A6-4D1E-82C4-FF6B9BBF63C0}.Debug|Any CPU.Build.0 = Debug|Any CPU
		{EBBD7670-37A6-4D1E-82C4-FF6B9BBF63C0}.Release|Any CPU.ActiveCfg = Release|Any CPU
		{EBBD7670-37A6-4D1E-82C4-FF6B9BBF63C0}.Release|Any CPU.Build.0 = Release|Any CPU
		{A955B38C-7CAF-4D61-9CBE-160BB16F1F75}.Debug|Any CPU.ActiveCfg = Debug|Any CPU
		{A955B38C-7CAF-4D61-9CBE-160BB16F1F75}.Debug|Any CPU.Build.0 = Debug|Any CPU
		{A955B38C-7CAF-4D61-9CBE-160BB16F1F75}.Release|Any CPU.ActiveCfg = Release|Any CPU
		{A955B38C-7CAF-4D61-9CBE-160BB16F1F75}.Release|Any CPU.Build.0 = Release|Any CPU
		{83D52FF8-6699-411D-8A22-2739573945C7}.Debug|Any CPU.ActiveCfg = Debug|Any CPU
		{83D52FF8-6699-411D-8A22-2739573945C7}.Debug|Any CPU.Build.0 = Debug|Any CPU
		{83D52FF8-6699-411D-8A22-2739573945C7}.Release|Any CPU.ActiveCfg = Release|Any CPU
		{83D52FF8-6699-411D-8A22-2739573945C7}.Release|Any CPU.Build.0 = Release|Any CPU
		{16D76757-2865-4983-B70F-4E103F689BF0}.Debug|Any CPU.ActiveCfg = Debug|Any CPU
		{16D76757-2865-4983-B70F-4E103F689BF0}.Debug|Any CPU.Build.0 = Debug|Any CPU
		{16D76757-2865-4983-B70F-4E103F689BF0}.Release|Any CPU.ActiveCfg = Release|Any CPU
		{16D76757-2865-4983-B70F-4E103F689BF0}.Release|Any CPU.Build.0 = Release|Any CPU
		{A0EA7281-79E4-41E1-9D9B-EA4451EE1F31}.Debug|Any CPU.ActiveCfg = Debug|Any CPU
		{A0EA7281-79E4-41E1-9D9B-EA4451EE1F31}.Debug|Any CPU.Build.0 = Debug|Any CPU
		{A0EA7281-79E4-41E1-9D9B-EA4451EE1F31}.Release|Any CPU.ActiveCfg = Release|Any CPU
		{A0EA7281-79E4-41E1-9D9B-EA4451EE1F31}.Release|Any CPU.Build.0 = Release|Any CPU
		{86F9F695-2BEC-4DC9-BF16-67C90CD84234}.Debug|Any CPU.ActiveCfg = Debug|Any CPU
		{86F9F695-2BEC-4DC9-BF16-67C90CD84234}.Debug|Any CPU.Build.0 = Debug|Any CPU
		{86F9F695-2BEC-4DC9-BF16-67C90CD84234}.Release|Any CPU.ActiveCfg = Release|Any CPU
		{86F9F695-2BEC-4DC9-BF16-67C90CD84234}.Release|Any CPU.Build.0 = Release|Any CPU
		{9E5537C8-08F3-4D5B-837A-C5DB796CE90B}.Debug|Any CPU.ActiveCfg = Debug|Any CPU
		{9E5537C8-08F3-4D5B-837A-C5DB796CE90B}.Debug|Any CPU.Build.0 = Debug|Any CPU
		{9E5537C8-08F3-4D5B-837A-C5DB796CE90B}.Release|Any CPU.ActiveCfg = Release|Any CPU
		{9E5537C8-08F3-4D5B-837A-C5DB796CE90B}.Release|Any CPU.Build.0 = Release|Any CPU
	EndGlobalSection
	GlobalSection(SolutionProperties) = preSolution
		HideSolutionNode = FALSE
	EndGlobalSection
	GlobalSection(ExtensibilityGlobals) = postSolution
		SolutionGuid = {012E5133-6B8C-4BBF-92CA-F5ADA0688DFC}
	EndGlobalSection
EndGlobal
