
Microsoft Visual Studio Solution File, Format Version 12.00
# Visual Studio Version 17
VisualStudioVersion = 17.8.34316.72
MinimumVisualStudioVersion = 10.0.40219.1
Project("{9A19103F-16F7-4668-BE54-9A1E7A4F7556}") = "Day1", "Day1\Day1.csproj", "{A382B2C6-6FD8-4D61-808F-79A07A06CFC7}"
EndProject
Project("{9A19103F-16F7-4668-BE54-9A1E7A4F7556}") = "Day1Tests", "Day1Tests\Day1Tests.csproj", "{6006A0D2-E986-466F-A9FA-448296EC85D1}"
EndProject
Project("{9A19103F-16F7-4668-BE54-9A1E7A4F7556}") = "Day2", "Day2\Day2.csproj", "{61DD5A6B-8A05-471C-9181-FD70EF78CAAD}"
EndProject
Project("{9A19103F-16F7-4668-BE54-9A1E7A4F7556}") = "Day2Tests", "Day2Tests\Day2Tests.csproj", "{4B1FEF98-BF69-4FE2-BD4D-D527F0310CAF}"
EndProject
Project("{9A19103F-16F7-4668-BE54-9A1E7A4F7556}") = "Day3", "Day3\Day3.csproj", "{E260C62D-8AA0-4CED-BC59-D6F2AD327712}"
EndProject
Project("{9A19103F-16F7-4668-BE54-9A1E7A4F7556}") = "Day3Tests", "Day3Tests\Day3Tests.csproj", "{DB9208EF-92BB-42BF-BB6E-FCE4702E4095}"
EndProject
Project("{9A19103F-16F7-4668-BE54-9A1E7A4F7556}") = "Day4", "Day4\Day4.csproj", "{7E3351A7-5286-4AEF-91DA-F2D7D0B82A89}"
EndProject
Project("{9A19103F-16F7-4668-BE54-9A1E7A4F7556}") = "Day4Tests", "Day4Tests\Day4Tests.csproj", "{EBBD7670-37A6-4D1E-82C4-FF6B9BBF63C0}"
EndProject
Project("{9A19103F-16F7-4668-BE54-9A1E7A4F7556}") = "Day5", "Day5\Day5.csproj", "{A955B38C-7CAF-4D61-9CBE-160BB16F1F75}"
EndProject
Project("{9A19103F-16F7-4668-BE54-9A1E7A4F7556}") = "Day5Tests", "Day5Tests\Day5Tests.csproj", "{83D52FF8-6699-411D-8A22-2739573945C7}"
EndProject
Project("{9A19103F-16F7-4668-BE54-9A1E7A4F7556}") = "Day6", "Day6\Day6.csproj", "{16D76757-2865-4983-B70F-4E103F689BF0}"
EndProject
Project("{9A19103F-16F7-4668-BE54-9A1E7A4F7556}") = "Day6Tests", "Day6Tests\Day6Tests.csproj", "{A0EA7281-79E4-41E1-9D9B-EA4451EE1F31}"
EndProject
Project("{9A19103F-16F7-4668-BE54-9A1E7A4F7556}") = "Day7", "Day7\Day7.csproj", "{86F9F695-2BEC-4DC9-BF16-67C90CD84234}"
EndProject
Project("{9A19103F-16F7-4668-BE54-9A1E7A4F7556}") = "Day7Tests", "Day7Tests\Day7Tests.csproj", "{9E5537C8-08F3-4D5B-837A-C5DB796CE90B}"
EndProject
Project("{9A19103F-16F7-4668-BE54-9A1E7A4F7556}") = "Day8", "Day8\Day8.csproj", "{137390C9-1A9D-41D8-9B8D-33315A92BEC4}"
EndProject
Project("{9A19103F-16F7-4668-BE54-9A1E7A4F7556}") = "Day8Tests", "Day8Tests\Day8Tests.csproj", "{CF8C2099-9999-461D-B82A-CBA2F16BD4BB}"
EndProject
Project("{9A19103F-16F7-4668-BE54-9A1E7A4F7556}") = "Day9", "Day9\Day9.csproj", "{8105912E-41CA-42EB-9493-348581748F0F}"
EndProject
Project("{9A19103F-16F7-4668-BE54-9A1E7A4F7556}") = "Day9Tests", "Day9Tests\Day9Tests.csproj", "{E198DB2E-74E3-47F0-A1DD-403D48B23EAF}"
EndProject
Project("{9A19103F-16F7-4668-BE54-9A1E7A4F7556}") = "Day10", "Day10\Day10.csproj", "{8AFF0A3E-2E59-44A1-8E52-95A6B2F045C6}"
EndProject
Project("{9A19103F-16F7-4668-BE54-9A1E7A4F7556}") = "Day10Tests", "Day10Tests\Day10Tests.csproj", "{B240C119-937F-4BDE-ABBE-F193AAF050ED}"
EndProject
Project("{9A19103F-16F7-4668-BE54-9A1E7A4F7556}") = "Day11", "Day11\Day11.csproj", "{EE9E1F7C-03AD-47E9-88C5-84415003165B}"
EndProject
Project("{9A19103F-16F7-4668-BE54-9A1E7A4F7556}") = "Day11Tests", "Day11Tests\Day11Tests.csproj", "{107DE7AA-7293-424D-8E79-B0C3F08E4DC0}"
EndProject
Project("{9A19103F-16F7-4668-BE54-9A1E7A4F7556}") = "Day15", "Day15\Day15.csproj", "{727FBB71-2208-4FCD-89EE-7B5A5A9C2036}"
EndProject
Project("{9A19103F-16F7-4668-BE54-9A1E7A4F7556}") = "Day15Tests", "Day15Tests\Day15Tests.csproj", "{35CD9716-E4E7-4189-890A-820F8EBB1876}"
EndProject
Project("{9A19103F-16F7-4668-BE54-9A1E7A4F7556}") = "Day16", "Day16\Day16.csproj", "{F171DB95-F282-4D00-A721-53CD2447D172}"
EndProject
Project("{9A19103F-16F7-4668-BE54-9A1E7A4F7556}") = "Day16Tests", "Day16Tests\Day16Tests.csproj", "{AAB3E172-F56D-4FBC-9D02-FB68B50FC32A}"
EndProject
Project("{9A19103F-16F7-4668-BE54-9A1E7A4F7556}") = "Day17", "Day17\Day17.csproj", "{826E8718-0F7F-4455-A891-0E8BF355AB53}"
EndProject
Project("{9A19103F-16F7-4668-BE54-9A1E7A4F7556}") = "Day14", "Day14\Day14.csproj", "{5A53DF04-7250-44EF-930D-82AF3476378C}"
EndProject
Project("{9A19103F-16F7-4668-BE54-9A1E7A4F7556}") = "Day18", "Day18\Day18.csproj", "{7F92D662-3BA2-4C81-A767-6A714954C3CB}"
EndProject
Project("{9A19103F-16F7-4668-BE54-9A1E7A4F7556}") = "Day18Tests", "Day18Tests\Day18Tests.csproj", "{E1253424-AE66-4CD9-8034-0465228D0C5E}"
EndProject
Project("{FAE04EC0-301F-11D3-BF4B-00C04F79EFBC}") = "Day13", "Day13\Day13.csproj", "{3DA846AF-D979-44B6-8C05-FB83514C43BB}"
EndProject
Project("{FAE04EC0-301F-11D3-BF4B-00C04F79EFBC}") = "Day13Tests", "Day13Tests\Day13Tests.csproj", "{67737287-6087-4113-B85C-00595FF96BCB}"
EndProject
Global
	GlobalSection(SolutionConfigurationPlatforms) = preSolution
		Debug|Any CPU = Debug|Any CPU
		Release|Any CPU = Release|Any CPU
	EndGlobalSection
	GlobalSection(ProjectConfigurationPlatforms) = postSolution
		{A382B2C6-6FD8-4D61-808F-79A07A06CFC7}.Debug|Any CPU.ActiveCfg = Debug|Any CPU
		{A382B2C6-6FD8-4D61-808F-79A07A06CFC7}.Debug|Any CPU.Build.0 = Debug|Any CPU
		{A382B2C6-6FD8-4D61-808F-79A07A06CFC7}.Release|Any CPU.ActiveCfg = Release|Any CPU
		{A382B2C6-6FD8-4D61-808F-79A07A06CFC7}.Release|Any CPU.Build.0 = Release|Any CPU
		{6006A0D2-E986-466F-A9FA-448296EC85D1}.Debug|Any CPU.ActiveCfg = Debug|Any CPU
		{6006A0D2-E986-466F-A9FA-448296EC85D1}.Debug|Any CPU.Build.0 = Debug|Any CPU
		{6006A0D2-E986-466F-A9FA-448296EC85D1}.Release|Any CPU.ActiveCfg = Release|Any CPU
		{6006A0D2-E986-466F-A9FA-448296EC85D1}.Release|Any CPU.Build.0 = Release|Any CPU
		{61DD5A6B-8A05-471C-9181-FD70EF78CAAD}.Debug|Any CPU.ActiveCfg = Debug|Any CPU
		{61DD5A6B-8A05-471C-9181-FD70EF78CAAD}.Debug|Any CPU.Build.0 = Debug|Any CPU
		{61DD5A6B-8A05-471C-9181-FD70EF78CAAD}.Release|Any CPU.ActiveCfg = Release|Any CPU
		{61DD5A6B-8A05-471C-9181-FD70EF78CAAD}.Release|Any CPU.Build.0 = Release|Any CPU
		{4B1FEF98-BF69-4FE2-BD4D-D527F0310CAF}.Debug|Any CPU.ActiveCfg = Debug|Any CPU
		{4B1FEF98-BF69-4FE2-BD4D-D527F0310CAF}.Debug|Any CPU.Build.0 = Debug|Any CPU
		{4B1FEF98-BF69-4FE2-BD4D-D527F0310CAF}.Release|Any CPU.ActiveCfg = Release|Any CPU
		{4B1FEF98-BF69-4FE2-BD4D-D527F0310CAF}.Release|Any CPU.Build.0 = Release|Any CPU
		{E260C62D-8AA0-4CED-BC59-D6F2AD327712}.Debug|Any CPU.ActiveCfg = Debug|Any CPU
		{E260C62D-8AA0-4CED-BC59-D6F2AD327712}.Debug|Any CPU.Build.0 = Debug|Any CPU
		{E260C62D-8AA0-4CED-BC59-D6F2AD327712}.Release|Any CPU.ActiveCfg = Release|Any CPU
		{E260C62D-8AA0-4CED-BC59-D6F2AD327712}.Release|Any CPU.Build.0 = Release|Any CPU
		{DB9208EF-92BB-42BF-BB6E-FCE4702E4095}.Debug|Any CPU.ActiveCfg = Debug|Any CPU
		{DB9208EF-92BB-42BF-BB6E-FCE4702E4095}.Debug|Any CPU.Build.0 = Debug|Any CPU
		{DB9208EF-92BB-42BF-BB6E-FCE4702E4095}.Release|Any CPU.ActiveCfg = Release|Any CPU
		{DB9208EF-92BB-42BF-BB6E-FCE4702E4095}.Release|Any CPU.Build.0 = Release|Any CPU
		{7E3351A7-5286-4AEF-91DA-F2D7D0B82A89}.Debug|Any CPU.ActiveCfg = Debug|Any CPU
		{7E3351A7-5286-4AEF-91DA-F2D7D0B82A89}.Debug|Any CPU.Build.0 = Debug|Any CPU
		{7E3351A7-5286-4AEF-91DA-F2D7D0B82A89}.Release|Any CPU.ActiveCfg = Release|Any CPU
		{7E3351A7-5286-4AEF-91DA-F2D7D0B82A89}.Release|Any CPU.Build.0 = Release|Any CPU
		{EBBD7670-37A6-4D1E-82C4-FF6B9BBF63C0}.Debug|Any CPU.ActiveCfg = Debug|Any CPU
		{EBBD7670-37A6-4D1E-82C4-FF6B9BBF63C0}.Debug|Any CPU.Build.0 = Debug|Any CPU
		{EBBD7670-37A6-4D1E-82C4-FF6B9BBF63C0}.Release|Any CPU.ActiveCfg = Release|Any CPU
		{EBBD7670-37A6-4D1E-82C4-FF6B9BBF63C0}.Release|Any CPU.Build.0 = Release|Any CPU
		{A955B38C-7CAF-4D61-9CBE-160BB16F1F75}.Debug|Any CPU.ActiveCfg = Debug|Any CPU
		{A955B38C-7CAF-4D61-9CBE-160BB16F1F75}.Debug|Any CPU.Build.0 = Debug|Any CPU
		{A955B38C-7CAF-4D61-9CBE-160BB16F1F75}.Release|Any CPU.ActiveCfg = Release|Any CPU
		{A955B38C-7CAF-4D61-9CBE-160BB16F1F75}.Release|Any CPU.Build.0 = Release|Any CPU
		{83D52FF8-6699-411D-8A22-2739573945C7}.Debug|Any CPU.ActiveCfg = Debug|Any CPU
		{83D52FF8-6699-411D-8A22-2739573945C7}.Debug|Any CPU.Build.0 = Debug|Any CPU
		{83D52FF8-6699-411D-8A22-2739573945C7}.Release|Any CPU.ActiveCfg = Release|Any CPU
		{83D52FF8-6699-411D-8A22-2739573945C7}.Release|Any CPU.Build.0 = Release|Any CPU
		{16D76757-2865-4983-B70F-4E103F689BF0}.Debug|Any CPU.ActiveCfg = Debug|Any CPU
		{16D76757-2865-4983-B70F-4E103F689BF0}.Debug|Any CPU.Build.0 = Debug|Any CPU
		{16D76757-2865-4983-B70F-4E103F689BF0}.Release|Any CPU.ActiveCfg = Release|Any CPU
		{16D76757-2865-4983-B70F-4E103F689BF0}.Release|Any CPU.Build.0 = Release|Any CPU
		{A0EA7281-79E4-41E1-9D9B-EA4451EE1F31}.Debug|Any CPU.ActiveCfg = Debug|Any CPU
		{A0EA7281-79E4-41E1-9D9B-EA4451EE1F31}.Debug|Any CPU.Build.0 = Debug|Any CPU
		{A0EA7281-79E4-41E1-9D9B-EA4451EE1F31}.Release|Any CPU.ActiveCfg = Release|Any CPU
		{A0EA7281-79E4-41E1-9D9B-EA4451EE1F31}.Release|Any CPU.Build.0 = Release|Any CPU
		{86F9F695-2BEC-4DC9-BF16-67C90CD84234}.Debug|Any CPU.ActiveCfg = Debug|Any CPU
		{86F9F695-2BEC-4DC9-BF16-67C90CD84234}.Debug|Any CPU.Build.0 = Debug|Any CPU
		{86F9F695-2BEC-4DC9-BF16-67C90CD84234}.Release|Any CPU.ActiveCfg = Release|Any CPU
		{86F9F695-2BEC-4DC9-BF16-67C90CD84234}.Release|Any CPU.Build.0 = Release|Any CPU
		{9E5537C8-08F3-4D5B-837A-C5DB796CE90B}.Debug|Any CPU.ActiveCfg = Debug|Any CPU
		{9E5537C8-08F3-4D5B-837A-C5DB796CE90B}.Debug|Any CPU.Build.0 = Debug|Any CPU
		{9E5537C8-08F3-4D5B-837A-C5DB796CE90B}.Release|Any CPU.ActiveCfg = Release|Any CPU
		{9E5537C8-08F3-4D5B-837A-C5DB796CE90B}.Release|Any CPU.Build.0 = Release|Any CPU
		{137390C9-1A9D-41D8-9B8D-33315A92BEC4}.Debug|Any CPU.ActiveCfg = Debug|Any CPU
		{137390C9-1A9D-41D8-9B8D-33315A92BEC4}.Debug|Any CPU.Build.0 = Debug|Any CPU
		{137390C9-1A9D-41D8-9B8D-33315A92BEC4}.Release|Any CPU.ActiveCfg = Release|Any CPU
		{137390C9-1A9D-41D8-9B8D-33315A92BEC4}.Release|Any CPU.Build.0 = Release|Any CPU
		{CF8C2099-9999-461D-B82A-CBA2F16BD4BB}.Debug|Any CPU.ActiveCfg = Debug|Any CPU
		{CF8C2099-9999-461D-B82A-CBA2F16BD4BB}.Debug|Any CPU.Build.0 = Debug|Any CPU
		{CF8C2099-9999-461D-B82A-CBA2F16BD4BB}.Release|Any CPU.ActiveCfg = Release|Any CPU
		{CF8C2099-9999-461D-B82A-CBA2F16BD4BB}.Release|Any CPU.Build.0 = Release|Any CPU
		{8105912E-41CA-42EB-9493-348581748F0F}.Debug|Any CPU.ActiveCfg = Debug|Any CPU
		{8105912E-41CA-42EB-9493-348581748F0F}.Debug|Any CPU.Build.0 = Debug|Any CPU
		{8105912E-41CA-42EB-9493-348581748F0F}.Release|Any CPU.ActiveCfg = Release|Any CPU
		{8105912E-41CA-42EB-9493-348581748F0F}.Release|Any CPU.Build.0 = Release|Any CPU
		{E198DB2E-74E3-47F0-A1DD-403D48B23EAF}.Debug|Any CPU.ActiveCfg = Debug|Any CPU
		{E198DB2E-74E3-47F0-A1DD-403D48B23EAF}.Debug|Any CPU.Build.0 = Debug|Any CPU
		{E198DB2E-74E3-47F0-A1DD-403D48B23EAF}.Release|Any CPU.ActiveCfg = Release|Any CPU
		{E198DB2E-74E3-47F0-A1DD-403D48B23EAF}.Release|Any CPU.Build.0 = Release|Any CPU
		{8AFF0A3E-2E59-44A1-8E52-95A6B2F045C6}.Debug|Any CPU.ActiveCfg = Debug|Any CPU
		{8AFF0A3E-2E59-44A1-8E52-95A6B2F045C6}.Debug|Any CPU.Build.0 = Debug|Any CPU
		{8AFF0A3E-2E59-44A1-8E52-95A6B2F045C6}.Release|Any CPU.ActiveCfg = Release|Any CPU
		{8AFF0A3E-2E59-44A1-8E52-95A6B2F045C6}.Release|Any CPU.Build.0 = Release|Any CPU
		{B240C119-937F-4BDE-ABBE-F193AAF050ED}.Debug|Any CPU.ActiveCfg = Debug|Any CPU
		{B240C119-937F-4BDE-ABBE-F193AAF050ED}.Debug|Any CPU.Build.0 = Debug|Any CPU
		{B240C119-937F-4BDE-ABBE-F193AAF050ED}.Release|Any CPU.ActiveCfg = Release|Any CPU
		{B240C119-937F-4BDE-ABBE-F193AAF050ED}.Release|Any CPU.Build.0 = Release|Any CPU
		{EE9E1F7C-03AD-47E9-88C5-84415003165B}.Debug|Any CPU.ActiveCfg = Debug|Any CPU
		{EE9E1F7C-03AD-47E9-88C5-84415003165B}.Debug|Any CPU.Build.0 = Debug|Any CPU
		{EE9E1F7C-03AD-47E9-88C5-84415003165B}.Release|Any CPU.ActiveCfg = Release|Any CPU
		{EE9E1F7C-03AD-47E9-88C5-84415003165B}.Release|Any CPU.Build.0 = Release|Any CPU
		{107DE7AA-7293-424D-8E79-B0C3F08E4DC0}.Debug|Any CPU.ActiveCfg = Debug|Any CPU
		{107DE7AA-7293-424D-8E79-B0C3F08E4DC0}.Debug|Any CPU.Build.0 = Debug|Any CPU
		{107DE7AA-7293-424D-8E79-B0C3F08E4DC0}.Release|Any CPU.ActiveCfg = Release|Any CPU
		{107DE7AA-7293-424D-8E79-B0C3F08E4DC0}.Release|Any CPU.Build.0 = Release|Any CPU
		{727FBB71-2208-4FCD-89EE-7B5A5A9C2036}.Debug|Any CPU.ActiveCfg = Debug|Any CPU
		{727FBB71-2208-4FCD-89EE-7B5A5A9C2036}.Debug|Any CPU.Build.0 = Debug|Any CPU
		{727FBB71-2208-4FCD-89EE-7B5A5A9C2036}.Release|Any CPU.ActiveCfg = Release|Any CPU
		{727FBB71-2208-4FCD-89EE-7B5A5A9C2036}.Release|Any CPU.Build.0 = Release|Any CPU
		{35CD9716-E4E7-4189-890A-820F8EBB1876}.Debug|Any CPU.ActiveCfg = Debug|Any CPU
		{35CD9716-E4E7-4189-890A-820F8EBB1876}.Debug|Any CPU.Build.0 = Debug|Any CPU
		{35CD9716-E4E7-4189-890A-820F8EBB1876}.Release|Any CPU.ActiveCfg = Release|Any CPU
		{35CD9716-E4E7-4189-890A-820F8EBB1876}.Release|Any CPU.Build.0 = Release|Any CPU
		{F171DB95-F282-4D00-A721-53CD2447D172}.Debug|Any CPU.ActiveCfg = Debug|Any CPU
		{F171DB95-F282-4D00-A721-53CD2447D172}.Debug|Any CPU.Build.0 = Debug|Any CPU
		{F171DB95-F282-4D00-A721-53CD2447D172}.Release|Any CPU.ActiveCfg = Release|Any CPU
		{F171DB95-F282-4D00-A721-53CD2447D172}.Release|Any CPU.Build.0 = Release|Any CPU
		{AAB3E172-F56D-4FBC-9D02-FB68B50FC32A}.Debug|Any CPU.ActiveCfg = Debug|Any CPU
		{AAB3E172-F56D-4FBC-9D02-FB68B50FC32A}.Debug|Any CPU.Build.0 = Debug|Any CPU
		{AAB3E172-F56D-4FBC-9D02-FB68B50FC32A}.Release|Any CPU.ActiveCfg = Release|Any CPU
		{AAB3E172-F56D-4FBC-9D02-FB68B50FC32A}.Release|Any CPU.Build.0 = Release|Any CPU
		{826E8718-0F7F-4455-A891-0E8BF355AB53}.Debug|Any CPU.ActiveCfg = Debug|Any CPU
		{826E8718-0F7F-4455-A891-0E8BF355AB53}.Debug|Any CPU.Build.0 = Debug|Any CPU
		{826E8718-0F7F-4455-A891-0E8BF355AB53}.Release|Any CPU.ActiveCfg = Release|Any CPU
		{826E8718-0F7F-4455-A891-0E8BF355AB53}.Release|Any CPU.Build.0 = Release|Any CPU
		{5A53DF04-7250-44EF-930D-82AF3476378C}.Debug|Any CPU.ActiveCfg = Debug|Any CPU
		{5A53DF04-7250-44EF-930D-82AF3476378C}.Debug|Any CPU.Build.0 = Debug|Any CPU
		{5A53DF04-7250-44EF-930D-82AF3476378C}.Release|Any CPU.ActiveCfg = Release|Any CPU
		{5A53DF04-7250-44EF-930D-82AF3476378C}.Release|Any CPU.Build.0 = Release|Any CPU
		{7F92D662-3BA2-4C81-A767-6A714954C3CB}.Debug|Any CPU.ActiveCfg = Debug|Any CPU
		{7F92D662-3BA2-4C81-A767-6A714954C3CB}.Debug|Any CPU.Build.0 = Debug|Any CPU
		{7F92D662-3BA2-4C81-A767-6A714954C3CB}.Release|Any CPU.ActiveCfg = Release|Any CPU
		{7F92D662-3BA2-4C81-A767-6A714954C3CB}.Release|Any CPU.Build.0 = Release|Any CPU
		{E1253424-AE66-4CD9-8034-0465228D0C5E}.Debug|Any CPU.ActiveCfg = Debug|Any CPU
		{E1253424-AE66-4CD9-8034-0465228D0C5E}.Debug|Any CPU.Build.0 = Debug|Any CPU
		{E1253424-AE66-4CD9-8034-0465228D0C5E}.Release|Any CPU.ActiveCfg = Release|Any CPU
		{E1253424-AE66-4CD9-8034-0465228D0C5E}.Release|Any CPU.Build.0 = Release|Any CPU
		{3DA846AF-D979-44B6-8C05-FB83514C43BB}.Debug|Any CPU.ActiveCfg = Debug|Any CPU
		{3DA846AF-D979-44B6-8C05-FB83514C43BB}.Debug|Any CPU.Build.0 = Debug|Any CPU
		{3DA846AF-D979-44B6-8C05-FB83514C43BB}.Release|Any CPU.ActiveCfg = Release|Any CPU
		{3DA846AF-D979-44B6-8C05-FB83514C43BB}.Release|Any CPU.Build.0 = Release|Any CPU
		{67737287-6087-4113-B85C-00595FF96BCB}.Debug|Any CPU.ActiveCfg = Debug|Any CPU
		{67737287-6087-4113-B85C-00595FF96BCB}.Debug|Any CPU.Build.0 = Debug|Any CPU
		{67737287-6087-4113-B85C-00595FF96BCB}.Release|Any CPU.ActiveCfg = Release|Any CPU
		{67737287-6087-4113-B85C-00595FF96BCB}.Release|Any CPU.Build.0 = Release|Any CPU
	EndGlobalSection
	GlobalSection(SolutionProperties) = preSolution
		HideSolutionNode = FALSE
	EndGlobalSection
	GlobalSection(ExtensibilityGlobals) = postSolution
		SolutionGuid = {012E5133-6B8C-4BBF-92CA-F5ADA0688DFC}
	EndGlobalSection
EndGlobal
